
Microsoft Visual Studio Solution File, Format Version 12.00
# Visual Studio Version 17
VisualStudioVersion = 17.0.31903.59
MinimumVisualStudioVersion = 10.0.40219.1
Project("{FAE04EC0-301F-11D3-BF4B-00C04F79EFBC}") = "PetFamily.API", "src\PetFamily.API\PetFamily.API.csproj", "{575344B4-D6EF-4FAE-B1BE-4FB10D7C5ECA}"
EndProject
Project("{FAE04EC0-301F-11D3-BF4B-00C04F79EFBC}") = "PetFamily.Infrastructure", "src\PetFamily.Infrastructure\PetFamily.Infrastructure.csproj", "{5AF6A8E2-38FA-483F-A669-7E9D04AAC787}"
EndProject
Project("{FAE04EC0-301F-11D3-BF4B-00C04F79EFBC}") = "PetFamily.Domain", "src\PetFamily.Domain\PetFamily.Domain.csproj", "{DED719EC-C3E0-4220-B9E3-D0A703AB470D}"
EndProject
Project("{FAE04EC0-301F-11D3-BF4B-00C04F79EFBC}") = "PetFamily.Application", "src\PetFamily.Application\PetFamily.Application.csproj", "{98CF2C9D-75AB-4A9D-B553-73413542B67F}"
EndProject
Global
	GlobalSection(SolutionConfigurationPlatforms) = preSolution
		Debug|Any CPU = Debug|Any CPU
		Release|Any CPU = Release|Any CPU
	EndGlobalSection
	GlobalSection(ProjectConfigurationPlatforms) = postSolution
		{575344B4-D6EF-4FAE-B1BE-4FB10D7C5ECA}.Debug|Any CPU.ActiveCfg = Debug|Any CPU
		{575344B4-D6EF-4FAE-B1BE-4FB10D7C5ECA}.Debug|Any CPU.Build.0 = Debug|Any CPU
		{575344B4-D6EF-4FAE-B1BE-4FB10D7C5ECA}.Release|Any CPU.ActiveCfg = Release|Any CPU
		{575344B4-D6EF-4FAE-B1BE-4FB10D7C5ECA}.Release|Any CPU.Build.0 = Release|Any CPU
		{5AF6A8E2-38FA-483F-A669-7E9D04AAC787}.Debug|Any CPU.ActiveCfg = Debug|Any CPU
		{5AF6A8E2-38FA-483F-A669-7E9D04AAC787}.Debug|Any CPU.Build.0 = Debug|Any CPU
		{5AF6A8E2-38FA-483F-A669-7E9D04AAC787}.Release|Any CPU.ActiveCfg = Release|Any CPU
		{5AF6A8E2-38FA-483F-A669-7E9D04AAC787}.Release|Any CPU.Build.0 = Release|Any CPU
		{DED719EC-C3E0-4220-B9E3-D0A703AB470D}.Debug|Any CPU.ActiveCfg = Debug|Any CPU
		{DED719EC-C3E0-4220-B9E3-D0A703AB470D}.Debug|Any CPU.Build.0 = Debug|Any CPU
		{DED719EC-C3E0-4220-B9E3-D0A703AB470D}.Release|Any CPU.ActiveCfg = Release|Any CPU
		{DED719EC-C3E0-4220-B9E3-D0A703AB470D}.Release|Any CPU.Build.0 = Release|Any CPU
		{98CF2C9D-75AB-4A9D-B553-73413542B67F}.Debug|Any CPU.ActiveCfg = Debug|Any CPU
		{98CF2C9D-75AB-4A9D-B553-73413542B67F}.Debug|Any CPU.Build.0 = Debug|Any CPU
		{98CF2C9D-75AB-4A9D-B553-73413542B67F}.Release|Any CPU.ActiveCfg = Release|Any CPU
		{98CF2C9D-75AB-4A9D-B553-73413542B67F}.Release|Any CPU.Build.0 = Release|Any CPU
	EndGlobalSection
	GlobalSection(SolutionProperties) = preSolution
		HideSolutionNode = FALSE
	EndGlobalSection
	GlobalSection(ExtensibilityGlobals) = postSolution
		SolutionGuid = {2DC4D2F0-86AE-4AD6-A227-EA0641E5CEE3}
	EndGlobalSection
EndGlobal
